
Microsoft Visual Studio Solution File, Format Version 12.00
# Visual Studio 15
Project("{FAE04EC0-301F-11D3-BF4B-00C04F79EFBC}") = "UnityEngine.UI", "UnityEngine.UI.csproj", "{73392737-2148-D037-5B37-E5EF93EB6D1D}"
EndProject
Project("{FAE04EC0-301F-11D3-BF4B-00C04F79EFBC}") = "Assembly-CSharp", "Assembly-CSharp.csproj", "{83C2A352-EF47-14D2-6AF7-9A94F0FC0AFD}"
EndProject
Project("{FAE04EC0-301F-11D3-BF4B-00C04F79EFBC}") = "UnityEditor.UI", "UnityEditor.UI.csproj", "{03E9708D-0A35-C5C6-1D01-2E60ED5D85E1}"
EndProject
Project("{FAE04EC0-301F-11D3-BF4B-00C04F79EFBC}") = "Assembly-CSharp-Editor", "Assembly-CSharp-Editor.csproj", "{0C4FEF85-C225-F487-97A0-F76C7D247FC0}"
EndProject
Global
	GlobalSection(SolutionConfigurationPlatforms) = preSolution
		Debug|Any CPU = Debug|Any CPU
		Release|Any CPU = Release|Any CPU
	EndGlobalSection
	GlobalSection(ProjectConfigurationPlatforms) = postSolution
		{73392737-2148-D037-5B37-E5EF93EB6D1D}.Debug|Any CPU.ActiveCfg = Debug|Any CPU
		{73392737-2148-D037-5B37-E5EF93EB6D1D}.Debug|Any CPU.Build.0 = Debug|Any CPU
		{73392737-2148-D037-5B37-E5EF93EB6D1D}.Release|Any CPU.ActiveCfg = Release|Any CPU
		{73392737-2148-D037-5B37-E5EF93EB6D1D}.Release|Any CPU.Build.0 = Release|Any CPU
		{83C2A352-EF47-14D2-6AF7-9A94F0FC0AFD}.Debug|Any CPU.ActiveCfg = Debug|Any CPU
		{83C2A352-EF47-14D2-6AF7-9A94F0FC0AFD}.Debug|Any CPU.Build.0 = Debug|Any CPU
		{83C2A352-EF47-14D2-6AF7-9A94F0FC0AFD}.Release|Any CPU.ActiveCfg = Release|Any CPU
		{83C2A352-EF47-14D2-6AF7-9A94F0FC0AFD}.Release|Any CPU.Build.0 = Release|Any CPU
		{03E9708D-0A35-C5C6-1D01-2E60ED5D85E1}.Debug|Any CPU.ActiveCfg = Debug|Any CPU
		{03E9708D-0A35-C5C6-1D01-2E60ED5D85E1}.Debug|Any CPU.Build.0 = Debug|Any CPU
		{03E9708D-0A35-C5C6-1D01-2E60ED5D85E1}.Release|Any CPU.ActiveCfg = Release|Any CPU
		{03E9708D-0A35-C5C6-1D01-2E60ED5D85E1}.Release|Any CPU.Build.0 = Release|Any CPU
		{0C4FEF85-C225-F487-97A0-F76C7D247FC0}.Debug|Any CPU.ActiveCfg = Debug|Any CPU
		{0C4FEF85-C225-F487-97A0-F76C7D247FC0}.Debug|Any CPU.Build.0 = Debug|Any CPU
		{0C4FEF85-C225-F487-97A0-F76C7D247FC0}.Release|Any CPU.ActiveCfg = Release|Any CPU
		{0C4FEF85-C225-F487-97A0-F76C7D247FC0}.Release|Any CPU.Build.0 = Release|Any CPU
	EndGlobalSection
	GlobalSection(SolutionProperties) = preSolution
		HideSolutionNode = FALSE
	EndGlobalSection
EndGlobal
